// !$*UTF8*$!
{
	archiveVersion = 1;
	classes = {
	};
	objectVersion = 56;
	objects = {

/* Begin PBXBuildFile section */
		109C48F7BE62065794ECBDB8 /* OrderEntity.swift in Sources */ = {isa = PBXBuildFile; fileRef = 8B614FB0A06B6FA763EAEF50 /* OrderEntity.swift */; };
		115347E9868697E5D98743FE /* WebRTCClient.swift in Sources */ = {isa = PBXBuildFile; fileRef = 701C4608AA01615F842FB412 /* WebRTCClient.swift */; };
		2BF94B60B49197E549559702 /* WebSocketManager.swift in Sources */ = {isa = PBXBuildFile; fileRef = 05494A4693DA08FD9A6F81F5 /* WebSocketManager.swift */; };
		5C1D4BF68557A828D093DAF1 /* ChatViewModel.swift in Sources */ = {isa = PBXBuildFile; fileRef = 22D04D83B557361ADC01FF59 /* ChatViewModel.swift */; };
		69804530852EF911FBB199E2 /* MapController.swift in Sources */ = {isa = PBXBuildFile; fileRef = CC214EA39084DBAF58FCF51E /* MapController.swift */; };
		6AEC4A09A92F12DB6D7EAE28 /* CallView.swift in Sources */ = {isa = PBXBuildFile; fileRef = 11CB4AC7AC4F34B9F5353E5F /* CallView.swift */; };
		8B494947B7F0BCA51DE688D4 /* Color+App.swift in Sources */ = {isa = PBXBuildFile; fileRef = 5FEF458B8E382B9B82752D07 /* Color+App.swift */; };
		95F4437B822784C98043D646 /* ChatView.swift in Sources */ = {isa = PBXBuildFile; fileRef = 08DF40888F6CB7FA8B91F289 /* ChatView.swift */; };
		9D574FDBB8B3108FBEB181A3 /* EarningsView.swift in Sources */ = {isa = PBXBuildFile; fileRef = A8354AA4B2AD44F2464CBCD5 /* EarningsView.swift */; };
		'A001000000000001' = {isa = PBXBuildFile; fileRef = B001000000000001; };
		'A001000000000002' = {isa = PBXBuildFile; fileRef = B001000000000002; };
		'A001000000000003' = {isa = PBXBuildFile; fileRef = B001000000000003; };
		'A001000000000004' = {isa = PBXBuildFile; fileRef = B001000000000004; };
		'A001000000000005' = {isa = PBXBuildFile; fileRef = B001000000000005; };
		'A001000000000006' = {isa = PBXBuildFile; fileRef = B001000000000006; };
		'A001000000000007' = {isa = PBXBuildFile; fileRef = B001000000000007; };
		'A001000000000008' = {isa = PBXBuildFile; fileRef = B001000000000008; };
		'A001000000000009' = {isa = PBXBuildFile; fileRef = B001000000000009; };
		'A00100000000000A' = {isa = PBXBuildFile; fileRef = B00100000000000A; };
		'A00100000000000B' = {isa = PBXBuildFile; fileRef = B00100000000000B; };
		'A00100000000000C' = {isa = PBXBuildFile; fileRef = B00100000000000C; };
		'A00100000000000D' = {isa = PBXBuildFile; fileRef = B00100000000000D; };
		'A00100000000000E' = {isa = PBXBuildFile; fileRef = B00100000000000E; };
		'A00100000000000F' = {isa = PBXBuildFile; fileRef = B00100000000000F; };
		'A001000000000010' = {isa = PBXBuildFile; fileRef = B001000000000010; };
		'A001000000000011' = {isa = PBXBuildFile; fileRef = B001000000000011; };
		'A001000000000012' = {isa = PBXBuildFile; fileRef = B001000000000012; };
		B2A24E5D8833C04E5B54D916 /* CallManager.swift in Sources */ = {isa = PBXBuildFile; fileRef = 6BAA41CDABF7C70F78139F4B /* CallManager.swift */; };
		C7204F85A218008DB30375D0 /* FaceLivenessView.swift in Sources */ = {isa = PBXBuildFile; fileRef = FD6248099DC4069E8326662F /* FaceLivenessView.swift */; };
		DBE44D7C927D1794A00D582C /* FaceAnalyzer.swift in Sources */ = {isa = PBXBuildFile; fileRef = 8C8D45A1A597C335FB608413 /* FaceAnalyzer.swift */; };
		DC274CFD814FCDE53802E136 /* PODCameraView.swift in Sources */ = {isa = PBXBuildFile; fileRef = 89AF4B018DA60D009967F6F8 /* PODCameraView.swift */; };
/* End PBXBuildFile section */

/* Begin PBXFileReference section */
		05494A4693DA08FD9A6F81F5 /* WebSocketManager.swift */ = {isa = PBXFileReference; lastKnownFileType = sourcecode.swift; name = WebSocketManager.swift; path = Courier\Courier\Core\Network\WebSocketManager.swift; sourceTree = SOURCE_ROOT; };
		08DF40888F6CB7FA8B91F289 /* ChatView.swift */ = {isa = PBXFileReference; lastKnownFileType = sourcecode.swift; name = ChatView.swift; path = Courier\Courier\Features\Orders\Views\ChatView.swift; sourceTree = SOURCE_ROOT; };
		11CB4AC7AC4F34B9F5353E5F /* CallView.swift */ = {isa = PBXFileReference; lastKnownFileType = sourcecode.swift; name = CallView.swift; path = Courier\Courier\Features\Orders\Views\CallView.swift; sourceTree = SOURCE_ROOT; };
		22D04D83B557361ADC01FF59 /* ChatViewModel.swift */ = {isa = PBXFileReference; lastKnownFileType = sourcecode.swift; name = ChatViewModel.swift; path = Courier\Courier\Features\Orders\ViewModels\ChatViewModel.swift; sourceTree = SOURCE_ROOT; };
		5FEF458B8E382B9B82752D07 /* Color+App.swift */ = {isa = PBXFileReference; lastKnownFileType = sourcecode.swift; name = "Color+App.swift"; path = "Courier\\Courier\\Core\\Extensions\\Color+App.swift"; sourceTree = SOURCE_ROOT; };
		6BAA41CDABF7C70F78139F4B /* CallManager.swift */ = {isa = PBXFileReference; lastKnownFileType = sourcecode.swift; name = CallManager.swift; path = Courier\Courier\Core\WebRTC\CallManager.swift; sourceTree = SOURCE_ROOT; };
		701C4608AA01615F842FB412 /* WebRTCClient.swift */ = {isa = PBXFileReference; lastKnownFileType = sourcecode.swift; name = WebRTCClient.swift; path = Courier\Courier\Core\WebRTC\WebRTCClient.swift; sourceTree = SOURCE_ROOT; };
		89AF4B018DA60D009967F6F8 /* PODCameraView.swift */ = {isa = PBXFileReference; lastKnownFileType = sourcecode.swift; name = PODCameraView.swift; path = Courier\Courier\Features\Orders\Views\PODCameraView.swift; sourceTree = SOURCE_ROOT; };
		8B614FB0A06B6FA763EAEF50 /* OrderEntity.swift */ = {isa = PBXFileReference; lastKnownFileType = sourcecode.swift; name = OrderEntity.swift; path = Courier\Courier\Core\Storage\OrderEntity.swift; sourceTree = SOURCE_ROOT; };
		8C8D45A1A597C335FB608413 /* FaceAnalyzer.swift */ = {isa = PBXFileReference; lastKnownFileType = sourcecode.swift; name = FaceAnalyzer.swift; path = Courier\Courier\Features\Auth\Utils\FaceAnalyzer.swift; sourceTree = SOURCE_ROOT; };
		A8354AA4B2AD44F2464CBCD5 /* EarningsView.swift */ = {isa = PBXFileReference; lastKnownFileType = sourcecode.swift; name = EarningsView.swift; path = Courier\Courier\Features\Profile\Views\EarningsView.swift; sourceTree = SOURCE_ROOT; };
		'B001000000000001' = {isa = PBXFileReference; lastKnownFileType = sourcecode.swift; path = CourierApp.swift; sourceTree = "<group>"; };
		'B001000000000002' = {isa = PBXFileReference; lastKnownFileType = sourcecode.swift; path = RootView.swift; sourceTree = "<group>"; };
		'B001000000000003' = {isa = PBXFileReference; lastKnownFileType = sourcecode.swift; path = MainTabView.swift; sourceTree = "<group>"; };
		'B001000000000004' = {isa = PBXFileReference; lastKnownFileType = sourcecode.swift; path = APIConfig.swift; sourceTree = "<group>"; };
		'B001000000000005' = {isa = PBXFileReference; lastKnownFileType = sourcecode.swift; path = APIClient.swift; sourceTree = "<group>"; };
		'B001000000000006' = {isa = PBXFileReference; lastKnownFileType = sourcecode.swift; path = Models.swift; sourceTree = "<group>"; };
		'B001000000000007' = {isa = PBXFileReference; lastKnownFileType = sourcecode.swift; path = TokenStorage.swift; sourceTree = "<group>"; };
		'B001000000000008' = {isa = PBXFileReference; lastKnownFileType = sourcecode.swift; path = AuthViewModel.swift; sourceTree = "<group>"; };
		'B001000000000009' = {isa = PBXFileReference; lastKnownFileType = sourcecode.swift; path = LoginView.swift; sourceTree = "<group>"; };
		'B00100000000000A' = {isa = PBXFileReference; lastKnownFileType = sourcecode.swift; path = HomeView.swift; sourceTree = "<group>"; };
		'B00100000000000B' = {isa = PBXFileReference; lastKnownFileType = sourcecode.swift; path = HomeViewModel.swift; sourceTree = "<group>"; };
		'B00100000000000C' = {isa = PBXFileReference; lastKnownFileType = sourcecode.swift; path = OrderListView.swift; sourceTree = "<group>"; };
		'B00100000000000D' = {isa = PBXFileReference; lastKnownFileType = sourcecode.swift; path = OrderDetailView.swift; sourceTree = "<group>"; };
		'B00100000000000E' = {isa = PBXFileReference; lastKnownFileType = sourcecode.swift; path = OrderViewModel.swift; sourceTree = "<group>"; };
		'B00100000000000F' = {isa = PBXFileReference; lastKnownFileType = sourcecode.swift; path = InboxView.swift; sourceTree = "<group>"; };
		'B001000000000010' = {isa = PBXFileReference; lastKnownFileType = sourcecode.swift; path = NotificationViewModel.swift; sourceTree = "<group>"; };
		'B001000000000011' = {isa = PBXFileReference; lastKnownFileType = sourcecode.swift; path = ProfileView.swift; sourceTree = "<group>"; };
		'B001000000000012' = {isa = PBXFileReference; lastKnownFileType = folder.assetcatalog; path = Assets.xcassets; sourceTree = "<group>"; };
		'B001000000000013' = {isa = PBXFileReference; lastKnownFileType = text.plist.xml; path = Info.plist; sourceTree = "<group>"; };
		'C001000000000001' = {isa = PBXFileReference; explicitFileType = wrapper.application; includeInIndex = 0; path = Courier.app; sourceTree = BUILT_PRODUCTS_DIR; };
		CC214EA39084DBAF58FCF51E /* MapController.swift */ = {isa = PBXFileReference; lastKnownFileType = sourcecode.swift; name = MapController.swift; path = Courier\Courier\Features\Home\Utils\MapController.swift; sourceTree = SOURCE_ROOT; };
		FD6248099DC4069E8326662F /* FaceLivenessView.swift */ = {isa = PBXFileReference; lastKnownFileType = sourcecode.swift; name = FaceLivenessView.swift; path = Courier\Courier\Features\Auth\Views\FaceLivenessView.swift; sourceTree = SOURCE_ROOT; };
/* End PBXFileReference section */

/* Begin PBXFrameworksBuildPhase section */
		'D001000000000001' = {
			isa = PBXFrameworksBuildPhase;
			buildActionMask = 2147483647;
			files = (
			);
			runOnlyForDeploymentPostprocessing = 0;
		};
/* End PBXFrameworksBuildPhase section */

/* Begin PBXGroup section */
		'E001000000000001' = {
			isa = PBXGroup;
			children = (
				E001000000000002,
				E001000000000003,
				E001000000000004,
				E001000000000005,
			);
			path = Courier;
			sourceTree = "<group>";
		};
		'E001000000000002' = {
			isa = PBXGroup;
			children = (
				B001000000000001,
				B001000000000002,
				B001000000000003,
			);
			path = App;
			sourceTree = "<group>";
		};
		'E001000000000003' = {
			isa = PBXGroup;
			children = (
				E001000000000006,
				E001000000000007,
			);
			path = Core;
			sourceTree = "<group>";
		};
		'E001000000000004' = {
			isa = PBXGroup;
			children = (
				E001000000000008,
				E001000000000009,
				E00100000000000A,
				E00100000000000B,
				E00100000000000C,
			);
			path = Features;
			sourceTree = "<group>";
		};
		'E001000000000005' = {
			isa = PBXGroup;
			children = (
				B001000000000012,
				B001000000000013,
			);
			path = Resources;
			sourceTree = "<group>";
		};
		'E001000000000006' = {
			isa = PBXGroup;
			children = (
				B001000000000004,
				B001000000000005,
				B001000000000006,
			);
			path = Network;
			sourceTree = "<group>";
		};
		'E001000000000007' = {
			isa = PBXGroup;
			children = (
				B001000000000007,
			);
			path = Storage;
			sourceTree = "<group>";
		};
		'E001000000000008' = {
			isa = PBXGroup;
			children = (
				B001000000000008,
				B001000000000009,
			);
			path = Auth;
			sourceTree = "<group>";
		};
		'E001000000000009' = {
			isa = PBXGroup;
			children = (
				B00100000000000A,
				B00100000000000B,
			);
			path = Home;
			sourceTree = "<group>";
		};
		'E00100000000000A' = {
			isa = PBXGroup;
			children = (
				B00100000000000C,
				B00100000000000D,
				B00100000000000E,
			);
			path = Orders;
			sourceTree = "<group>";
		};
		'E00100000000000B' = {
			isa = PBXGroup;
			children = (
				B00100000000000F,
				B001000000000010,
			);
			path = Inbox;
			sourceTree = "<group>";
		};
		'E00100000000000C' = {
			isa = PBXGroup;
			children = (
				B001000000000011,
			);
			path = Profile;
			sourceTree = "<group>";
		};
		'F001000000000000' = {
			isa = PBXGroup;
			children = (
				E001000000000001,
				F001000000000001,
				5FEF458B8E382B9B82752D07 /* Color+App.swift */,
				05494A4693DA08FD9A6F81F5 /* WebSocketManager.swift */,
				8B614FB0A06B6FA763EAEF50 /* OrderEntity.swift */,
				6BAA41CDABF7C70F78139F4B /* CallManager.swift */,
				701C4608AA01615F842FB412 /* WebRTCClient.swift */,
				8C8D45A1A597C335FB608413 /* FaceAnalyzer.swift */,
				FD6248099DC4069E8326662F /* FaceLivenessView.swift */,
				CC214EA39084DBAF58FCF51E /* MapController.swift */,
				22D04D83B557361ADC01FF59 /* ChatViewModel.swift */,
				11CB4AC7AC4F34B9F5353E5F /* CallView.swift */,
				08DF40888F6CB7FA8B91F289 /* ChatView.swift */,
				89AF4B018DA60D009967F6F8 /* PODCameraView.swift */,
				A8354AA4B2AD44F2464CBCD5 /* EarningsView.swift */,
			);
			sourceTree = "<group>";
		};
		'F001000000000001' = {
			isa = PBXGroup;
			children = (
				C001000000000001,
			);
			name = Products;
			sourceTree = "<group>";
		};
/* End PBXGroup section */

/* Begin PBXNativeTarget section */
		'G001000000000001' = {
			isa = PBXNativeTarget;
			buildConfigurationList = H001000000000001;
			buildPhases = (
				I001000000000001,
				D001000000000001,
				J001000000000001,
			);
			buildRules = (
			);
			dependencies = (
			);
			name = Courier;
			productName = Courier;
			productReference = C001000000000001;
			productType = "com.apple.product-type.application";
		};
/* End PBXNativeTarget section */

/* Begin PBXProject section */
		'K001000000000001' = {
			isa = PBXProject;
			attributes = {
				BuildIndependentTargetsInParallel = 1;
				LastSwiftUpdateCheck = 1500;
				LastUpgradeCheck = 1500;
				TargetAttributes = {
					G001000000000001 = {
						CreatedOnToolsVersion = 15.0;
					};
				};
			};
			buildConfigurationList = H001000000000002;
			compatibilityVersion = "Xcode 14.0";
			developmentRegion = en;
			hasScannedForEncodings = 0;
			knownRegions = (
				en,
				Base,
			);
			mainGroup = F001000000000000;
			productRefGroup = F001000000000001;
			projectDirPath = "";
			projectRoot = "";
			targets = (
				G001000000000001,
			);
		};
/* End PBXProject section */

/* Begin PBXResourcesBuildPhase section */
		'J001000000000001' = {
			isa = PBXResourcesBuildPhase;
			buildActionMask = 2147483647;
			files = (
				A001000000000012,
			);
			runOnlyForDeploymentPostprocessing = 0;
		};
/* End PBXResourcesBuildPhase section */

/* Begin PBXSourcesBuildPhase section */
		'I001000000000001' = {
			isa = PBXSourcesBuildPhase;
			buildActionMask = 2147483647;
			files = (
				A001000000000001,
				A001000000000002,
				A001000000000003,
				A001000000000004,
				A001000000000005,
				A001000000000006,
				A001000000000007,
				A001000000000008,
				A001000000000009,
				A00100000000000A,
				A00100000000000B,
				A00100000000000C,
				A00100000000000D,
				A00100000000000E,
				A00100000000000F,
				A001000000000010,
				A001000000000011,
				8B494947B7F0BCA51DE688D4 /* Color+App.swift in Sources */,
				2BF94B60B49197E549559702 /* WebSocketManager.swift in Sources */,
				109C48F7BE62065794ECBDB8 /* OrderEntity.swift in Sources */,
				B2A24E5D8833C04E5B54D916 /* CallManager.swift in Sources */,
				115347E9868697E5D98743FE /* WebRTCClient.swift in Sources */,
				DBE44D7C927D1794A00D582C /* FaceAnalyzer.swift in Sources */,
				C7204F85A218008DB30375D0 /* FaceLivenessView.swift in Sources */,
				69804530852EF911FBB199E2 /* MapController.swift in Sources */,
				5C1D4BF68557A828D093DAF1 /* ChatViewModel.swift in Sources */,
				6AEC4A09A92F12DB6D7EAE28 /* CallView.swift in Sources */,
				95F4437B822784C98043D646 /* ChatView.swift in Sources */,
				DC274CFD814FCDE53802E136 /* PODCameraView.swift in Sources */,
				9D574FDBB8B3108FBEB181A3 /* EarningsView.swift in Sources */,
			);
			runOnlyForDeploymentPostprocessing = 0;
		};
/* End PBXSourcesBuildPhase section */

/* Begin XCBuildConfiguration section */
		'L001000000000001' = {
			isa = XCBuildConfiguration;
			buildSettings = {
				ALWAYS_SEARCH_USER_PATHS = NO;
				ASSETCATALOG_COMPILER_GENERATE_SWIFT_ASSET_SYMBOL_EXTENSIONS = YES;
				CLANG_ANALYZER_NONNULL = YES;
				CLANG_ANALYZER_NUMBER_OBJECT_CONVERSION = YES_AGGRESSIVE;
				CLANG_CXX_LANGUAGE_STANDARD = "gnu++20";
				CLANG_ENABLE_MODULES = YES;
				CLANG_ENABLE_OBJC_ARC = YES;
				CLANG_ENABLE_OBJC_WEAK = YES;
				CLANG_WARN_BLOCK_CAPTURE_AUTORELEASING = YES;
				CLANG_WARN_BOOL_CONVERSION = YES;
				CLANG_WARN_COMMA = YES;
				CLANG_WARN_CONSTANT_CONVERSION = YES;
				CLANG_WARN_DEPRECATED_OBJC_IMPLEMENTATIONS = YES;
				CLANG_WARN_DIRECT_OBJC_ISA_USAGE = YES_ERROR;
				CLANG_WARN_DOCUMENTATION_COMMENTS = YES;
				CLANG_WARN_EMPTY_BODY = YES;
				CLANG_WARN_ENUM_CONVERSION = YES;
				CLANG_WARN_INFINITE_RECURSION = YES;
				CLANG_WARN_INT_CONVERSION = YES;
				CLANG_WARN_NON_LITERAL_NULL_CONVERSION = YES;
				CLANG_WARN_OBJC_IMPLICIT_RETAIN_SELF = YES;
				CLANG_WARN_OBJC_LITERAL_CONVERSION = YES;
				CLANG_WARN_OBJC_ROOT_CLASS = YES_ERROR;
				CLANG_WARN_QUOTED_INCLUDE_IN_FRAMEWORK_HEADER = YES;
				CLANG_WARN_RANGE_LOOP_ANALYSIS = YES;
				CLANG_WARN_STRICT_PROTOTYPES = YES;
				CLANG_WARN_SUSPICIOUS_MOVE = YES;
				CLANG_WARN_UNGUARDED_AVAILABILITY = YES_AGGRESSIVE;
				CLANG_WARN_UNREACHABLE_CODE = YES;
				CLANG_WARN__DUPLICATE_METHOD_MATCH = YES;
				COPY_PHASE_STRIP = NO;
				DEBUG_INFORMATION_FORMAT = dwarf;
				ENABLE_STRICT_OBJC_MSGSEND = YES;
				ENABLE_TESTABILITY = YES;
				ENABLE_USER_SCRIPT_SANDBOXING = YES;
				GCC_C_LANGUAGE_STANDARD = gnu17;
				GCC_DYNAMIC_NO_PIC = NO;
				GCC_NO_COMMON_BLOCKS = YES;
				GCC_OPTIMIZATION_LEVEL = 0;
				GCC_PREPROCESSOR_DEFINITIONS = (
					"DEBUG=1",
					"$(inherited)",
				);
				GCC_WARN_64_TO_32_BIT_CONVERSION = YES;
				GCC_WARN_ABOUT_RETURN_TYPE = YES_ERROR;
				GCC_WARN_UNDECLARED_SELECTOR = YES;
				GCC_WARN_UNINITIALIZED_AUTOS = YES_AGGRESSIVE;
				GCC_WARN_UNUSED_FUNCTION = YES;
				GCC_WARN_UNUSED_VARIABLE = YES;
				IPHONEOS_DEPLOYMENT_TARGET = 17.0;
				MTL_ENABLE_DEBUG_INFO = INCLUDE_SOURCE;
				MTL_FAST_MATH = YES;
				ONLY_ACTIVE_ARCH = YES;
				SDKROOT = iphoneos;
				SWIFT_ACTIVE_COMPILATION_CONDITIONS = DEBUG;
				SWIFT_OPTIMIZATION_LEVEL = "-Onone";
			};
			name = Debug;
		};
		'L001000000000002' = {
			isa = XCBuildConfiguration;
			buildSettings = {
				ALWAYS_SEARCH_USER_PATHS = NO;
				ASSETCATALOG_COMPILER_GENERATE_SWIFT_ASSET_SYMBOL_EXTENSIONS = YES;
				CLANG_ANALYZER_NONNULL = YES;
				CLANG_ANALYZER_NUMBER_OBJECT_CONVERSION = YES_AGGRESSIVE;
				CLANG_CXX_LANGUAGE_STANDARD = "gnu++20";
				CLANG_ENABLE_MODULES = YES;
				CLANG_ENABLE_OBJC_ARC = YES;
				CLANG_ENABLE_OBJC_WEAK = YES;
				CLANG_WARN_BLOCK_CAPTURE_AUTORELEASING = YES;
				CLANG_WARN_BOOL_CONVERSION = YES;
				CLANG_WARN_COMMA = YES;
				CLANG_WARN_CONSTANT_CONVERSION = YES;
				CLANG_WARN_DEPRECATED_OBJC_IMPLEMENTATIONS = YES;
				CLANG_WARN_DIRECT_OBJC_ISA_USAGE = YES_ERROR;
				CLANG_WARN_DOCUMENTATION_COMMENTS = YES;
				CLANG_WARN_EMPTY_BODY = YES;
				CLANG_WARN_ENUM_CONVERSION = YES;
				CLANG_WARN_INFINITE_RECURSION = YES;
				CLANG_WARN_INT_CONVERSION = YES;
				CLANG_WARN_NON_LITERAL_NULL_CONVERSION = YES;
				CLANG_WARN_OBJC_IMPLICIT_RETAIN_SELF = YES;
				CLANG_WARN_OBJC_LITERAL_CONVERSION = YES;
				CLANG_WARN_OBJC_ROOT_CLASS = YES_ERROR;
				CLANG_WARN_QUOTED_INCLUDE_IN_FRAMEWORK_HEADER = YES;
				CLANG_WARN_RANGE_LOOP_ANALYSIS = YES;
				CLANG_WARN_STRICT_PROTOTYPES = YES;
				CLANG_WARN_SUSPICIOUS_MOVE = YES;
				CLANG_WARN_UNGUARDED_AVAILABILITY = YES_AGGRESSIVE;
				CLANG_WARN_UNREACHABLE_CODE = YES;
				CLANG_WARN__DUPLICATE_METHOD_MATCH = YES;
				COPY_PHASE_STRIP = NO;
				DEBUG_INFORMATION_FORMAT = "dwarf-with-dsym";
				ENABLE_NS_ASSERTIONS = NO;
				ENABLE_STRICT_OBJC_MSGSEND = YES;
				ENABLE_USER_SCRIPT_SANDBOXING = YES;
				GCC_C_LANGUAGE_STANDARD = gnu17;
				GCC_NO_COMMON_BLOCKS = YES;
				GCC_WARN_64_TO_32_BIT_CONVERSION = YES;
				GCC_WARN_ABOUT_RETURN_TYPE = YES_ERROR;
				GCC_WARN_UNDECLARED_SELECTOR = YES;
				GCC_WARN_UNINITIALIZED_AUTOS = YES_AGGRESSIVE;
				GCC_WARN_UNUSED_FUNCTION = YES;
				GCC_WARN_UNUSED_VARIABLE = YES;
				IPHONEOS_DEPLOYMENT_TARGET = 17.0;
				MTL_ENABLE_DEBUG_INFO = NO;
				MTL_FAST_MATH = YES;
				SDKROOT = iphoneos;
				SWIFT_COMPILATION_MODE = wholemodule;
				SWIFT_OPTIMIZATION_LEVEL = "-O";
				VALIDATE_PRODUCT = YES;
			};
			name = Release;
		};
		'L001000000000003' = {
			isa = XCBuildConfiguration;
			buildSettings = {
				ASSETCATALOG_COMPILER_APPICON_NAME = AppIcon;
				ASSETCATALOG_COMPILER_GLOBAL_ACCENT_COLOR_NAME = AccentColor;
				CODE_SIGN_STYLE = Automatic;
				CURRENT_PROJECT_VERSION = 1;
				DEVELOPMENT_ASSET_PATHS = "";
				DEVELOPMENT_TEAM = "";
				ENABLE_PREVIEWS = YES;
				GENERATE_INFOPLIST_FILE = NO;
				INFOPLIST_FILE = Courier/Resources/Info.plist;
				IPHONEOS_DEPLOYMENT_TARGET = 17.0;
				MARKETING_VERSION = 1.0;
				PRODUCT_BUNDLE_IDENTIFIER = id.tembus.courier;
				PRODUCT_NAME = "$(TARGET_NAME)";
				SWIFT_EMIT_LOC_STRINGS = YES;
				SWIFT_VERSION = 5.0;
				TARGETED_DEVICE_FAMILY = 1;
			};
			name = Debug;
		};
		'L001000000000004' = {
			isa = XCBuildConfiguration;
			buildSettings = {
				ASSETCATALOG_COMPILER_APPICON_NAME = AppIcon;
				ASSETCATALOG_COMPILER_GLOBAL_ACCENT_COLOR_NAME = AccentColor;
				CODE_SIGN_STYLE = Automatic;
				CURRENT_PROJECT_VERSION = 1;
				DEVELOPMENT_ASSET_PATHS = "";
				DEVELOPMENT_TEAM = "";
				ENABLE_PREVIEWS = YES;
				GENERATE_INFOPLIST_FILE = NO;
				INFOPLIST_FILE = Courier/Resources/Info.plist;
				IPHONEOS_DEPLOYMENT_TARGET = 17.0;
				MARKETING_VERSION = 1.0;
				PRODUCT_BUNDLE_IDENTIFIER = id.tembus.courier;
				PRODUCT_NAME = "$(TARGET_NAME)";
				SWIFT_EMIT_LOC_STRINGS = YES;
				SWIFT_VERSION = 5.0;
				TARGETED_DEVICE_FAMILY = 1;
			};
			name = Release;
		};
/* End XCBuildConfiguration section */

/* Begin XCConfigurationList section */
		'H001000000000001' = {
			isa = XCConfigurationList;
			buildConfigurations = (
				L001000000000003,
				L001000000000004,
			);
			defaultConfigurationIsVisible = 0;
			defaultConfigurationName = Release;
		};
		'H001000000000002' = {
			isa = XCConfigurationList;
			buildConfigurations = (
				L001000000000001,
				L001000000000002,
			);
			defaultConfigurationIsVisible = 0;
			defaultConfigurationName = Release;
		};
/* End XCConfigurationList section */
	};
	rootObject = K001000000000001;
}
